
Microsoft Visual Studio Solution File, Format Version 12.00
# Visual Studio Version 16
VisualStudioVersion = 16.0.31829.152
MinimumVisualStudioVersion = 10.0.40219.1
Project("{FAE04EC0-301F-11D3-BF4B-00C04F79EFBC}") = "Examen", "Examen\Examen.csproj", "{F35412EC-AA90-4091-A02A-7312544650AF}"
EndProject
Global
	GlobalSection(SolutionConfigurationPlatforms) = preSolution
		Debug|Any CPU = Debug|Any CPU
		Release|Any CPU = Release|Any CPU
	EndGlobalSection
	GlobalSection(ProjectConfigurationPlatforms) = postSolution
		{F35412EC-AA90-4091-A02A-7312544650AF}.Debug|Any CPU.ActiveCfg = Debug|Any CPU
		{F35412EC-AA90-4091-A02A-7312544650AF}.Debug|Any CPU.Build.0 = Debug|Any CPU
		{F35412EC-AA90-4091-A02A-7312544650AF}.Release|Any CPU.ActiveCfg = Release|Any CPU
		{F35412EC-AA90-4091-A02A-7312544650AF}.Release|Any CPU.Build.0 = Release|Any CPU
	EndGlobalSection
	GlobalSection(SolutionProperties) = preSolution
		HideSolutionNode = FALSE
	EndGlobalSection
	GlobalSection(ExtensibilityGlobals) = postSolution
		SolutionGuid = {59C96C07-CA11-4250-A005-51003676AD94}
	EndGlobalSection
EndGlobal
